
Microsoft Visual Studio Solution File, Format Version 12.00
# Visual Studio Version 17
VisualStudioVersion = 17.9.34526.213
MinimumVisualStudioVersion = 10.0.40219.1
Project("{FAE04EC0-301F-11D3-BF4B-00C04F79EFBC}") = "SampleWebApp", "SampleWebApp\SampleWebApp.csproj", "{2F43D5C0-905F-4C7B-A003-54E894D9CCC1}"
EndProject
Global
	GlobalSection(SolutionConfigurationPlatforms) = preSolution
		Debug|Any CPU = Debug|Any CPU
		Release|Any CPU = Release|Any CPU
	EndGlobalSection
	GlobalSection(ProjectConfigurationPlatforms) = postSolution
		{2F43D5C0-905F-4C7B-A003-54E894D9CCC1}.Debug|Any CPU.ActiveCfg = Debug|Any CPU
		{2F43D5C0-905F-4C7B-A003-54E894D9CCC1}.Debug|Any CPU.Build.0 = Debug|Any CPU
		{2F43D5C0-905F-4C7B-A003-54E894D9CCC1}.Release|Any CPU.ActiveCfg = Release|Any CPU
		{2F43D5C0-905F-4C7B-A003-54E894D9CCC1}.Release|Any CPU.Build.0 = Release|Any CPU
	EndGlobalSection
	GlobalSection(SolutionProperties) = preSolution
		HideSolutionNode = FALSE
	EndGlobalSection
	GlobalSection(ExtensibilityGlobals) = postSolution
		SolutionGuid = {8EEC5996-0EBD-4B04-883E-45F0B558321B}
	EndGlobalSection
EndGlobal
